schema: '2.0'
stages:
  prepare:
    cmd: python scripts/prepare_data.py --input data/raw --output data/processed
      --params params.yaml
    deps:
    - path: data/raw
      hash: md5
      md5: 5afd58885b3664ee793efbe05d1beb1e.dir
      size: 15034037
      nfiles: 602
    - path: scripts/prepare_data.py
      hash: md5
      md5: b03ee01505002ba8b04ad579fbcc6cfd
      size: 2790
    - path: src/mlops_cats_dogs/preprocessing.py
      hash: md5
      md5: 6f8c84eae0d2bc96ff92da486eec51c3
      size: 1655
    params:
      params.yaml:
        prepare:
          image_size: 224
          max_per_class: 300
          seed: 42
          train_fraction: 0.8
          validation_fraction: 0.1
    outs:
    - path: data/processed
      hash: md5
      md5: 8188c3bdfcd989d345ffafa8d69ee3f8.dir
      size: 9269502
      nfiles: 601
  train:
    cmd: python scripts/train.py --data data/processed --model 
      models/model.joblib --artifacts artifacts --params params.yaml
    deps:
    - path: data/processed
      hash: md5
      md5: 8188c3bdfcd989d345ffafa8d69ee3f8.dir
      size: 9269502
      nfiles: 601
    - path: scripts/train.py
      hash: md5
      md5: 05b3bbb65b34750332303748527edce5
      size: 877
    - path: src/mlops_cats_dogs/features.py
      hash: md5
      md5: 1e5b0694b69a276af4fd0de26424b241
      size: 2957
    - path: src/mlops_cats_dogs/model.py
      hash: md5
      md5: 0ae54b829d25ebeda60e585d865a4501
      size: 3383
    - path: src/mlops_cats_dogs/train.py
      hash: md5
      md5: cd394b8921cbed863e038f8305f62cc7
      size: 656
    - path: src/mlops_cats_dogs/transfer_learning.py
      hash: md5
      md5: 96010dfa9af4432f8966258a39696e8d
      size: 14837
    params:
      params.yaml:
        train:
          model_type: mobilenet_v3_small_transfer
          backbone: mobilenet_v3_small_imagenet
          batch_size: 32
          classifier_candidates:
            logistic_regression:
            - 0.1
            - 1.0
            - 10.0
            linear_svc:
            - 0.1
            rbf_svc:
            - 1.0
            - 3.0
          seed: 42
    outs:
    - path: artifacts/history.csv
      hash: md5
      md5: 1f9df4e8dd86de725cf397fd1632beb5
      size: 1441
    - path: artifacts/metrics.json
      hash: md5
      md5: 0d8ea5b12099c4c5df5da60561021c16
      size: 352
    - path: artifacts/model_manifest.json
      hash: md5
      md5: 926b0af24554739d85a8911570143124
      size: 426
